
Microsoft Visual Studio Solution File, Format Version 12.00
# Visual Studio 15
VisualStudioVersion = 15.0.28307.1433
MinimumVisualStudioVersion = 10.0.40219.1
Project("{FAE04EC0-301F-11D3-BF4B-00C04F79EFBC}") = "MODUL 3", "MODUL 3\MODUL 3.csproj", "{C456B350-FBD0-4FBE-B1F2-22157CC21679}"
EndProject
Global
	GlobalSection(SolutionConfigurationPlatforms) = preSolution
		Debug|Any CPU = Debug|Any CPU
		Release|Any CPU = Release|Any CPU
	EndGlobalSection
	GlobalSection(ProjectConfigurationPlatforms) = postSolution
		{C456B350-FBD0-4FBE-B1F2-22157CC21679}.Debug|Any CPU.ActiveCfg = Debug|Any CPU
		{C456B350-FBD0-4FBE-B1F2-22157CC21679}.Debug|Any CPU.Build.0 = Debug|Any CPU
		{C456B350-FBD0-4FBE-B1F2-22157CC21679}.Release|Any CPU.ActiveCfg = Release|Any CPU
		{C456B350-FBD0-4FBE-B1F2-22157CC21679}.Release|Any CPU.Build.0 = Release|Any CPU
	EndGlobalSection
	GlobalSection(SolutionProperties) = preSolution
		HideSolutionNode = FALSE
	EndGlobalSection
	GlobalSection(ExtensibilityGlobals) = postSolution
		SolutionGuid = {2DFE17BD-B676-4A25-BFD5-854B9EDFD184}
	EndGlobalSection
EndGlobal
