
Microsoft Visual Studio Solution File, Format Version 12.00
# Visual Studio Version 16
VisualStudioVersion = 16.0.30204.135
MinimumVisualStudioVersion = 10.0.40219.1
Project("{FAE04EC0-301F-11D3-BF4B-00C04F79EFBC}") = "Chapter 5", "Chapter 5\Chapter 5.csproj", "{BF77CC06-0F7A-472C-84AD-ED6C69D72004}"
EndProject
Global
	GlobalSection(SolutionConfigurationPlatforms) = preSolution
		Debug|Any CPU = Debug|Any CPU
		Release|Any CPU = Release|Any CPU
	EndGlobalSection
	GlobalSection(ProjectConfigurationPlatforms) = postSolution
		{BF77CC06-0F7A-472C-84AD-ED6C69D72004}.Debug|Any CPU.ActiveCfg = Debug|Any CPU
		{BF77CC06-0F7A-472C-84AD-ED6C69D72004}.Debug|Any CPU.Build.0 = Debug|Any CPU
		{BF77CC06-0F7A-472C-84AD-ED6C69D72004}.Release|Any CPU.ActiveCfg = Release|Any CPU
		{BF77CC06-0F7A-472C-84AD-ED6C69D72004}.Release|Any CPU.Build.0 = Release|Any CPU
	EndGlobalSection
	GlobalSection(SolutionProperties) = preSolution
		HideSolutionNode = FALSE
	EndGlobalSection
	GlobalSection(ExtensibilityGlobals) = postSolution
		SolutionGuid = {69F4D6AE-BF36-4790-B97A-D0A666AD7887}
	EndGlobalSection
EndGlobal
